// !$*UTF8*$!
{
	archiveVersion = 1;
	classes = {
	};
	objectVersion = 55;
	objects = {

/* Begin PBXBuildFile section */
		490646E128ABC53000A543DD /* OpenWeatherFramework.framework in Frameworks */ = {isa = PBXBuildFile; fileRef = 490646DC28ABC28700A543DD /* OpenWeatherFramework.framework */; };
		490646E228ABC53000A543DD /* OpenWeatherFramework.framework in Embed Frameworks */ = {isa = PBXBuildFile; fileRef = 490646DC28ABC28700A543DD /* OpenWeatherFramework.framework */; settings = {ATTRIBUTES = (CodeSignOnCopy, RemoveHeadersOnCopy, ); }; };
		494795A928A8007500EE8275 /* SwiftyJSON in Frameworks */ = {isa = PBXBuildFile; productRef = 494795A828A8007500EE8275 /* SwiftyJSON */; };
		494795AC28A8008100EE8275 /* Alamofire in Frameworks */ = {isa = PBXBuildFile; productRef = 494795AB28A8008100EE8275 /* Alamofire */; };
		494795AF28A800A700EE8275 /* Kingfisher in Frameworks */ = {isa = PBXBuildFile; productRef = 494795AE28A800A700EE8275 /* Kingfisher */; };
		494795B228A8171200EE8275 /* OpenWeatherAPIManager.swift in Sources */ = {isa = PBXBuildFile; fileRef = 494795B128A8171200EE8275 /* OpenWeatherAPIManager.swift */; };
		494795B428A820A700EE8275 /* WeatherInfoStruct.swift in Sources */ = {isa = PBXBuildFile; fileRef = 494795B328A820A700EE8275 /* WeatherInfoStruct.swift */; };
		494DE0D328A7938200540757 /* AppDelegate.swift in Sources */ = {isa = PBXBuildFile; fileRef = 494DE0D228A7938200540757 /* AppDelegate.swift */; };
		494DE0D528A7938200540757 /* SceneDelegate.swift in Sources */ = {isa = PBXBuildFile; fileRef = 494DE0D428A7938200540757 /* SceneDelegate.swift */; };
		494DE0D728A7938200540757 /* ViewController.swift in Sources */ = {isa = PBXBuildFile; fileRef = 494DE0D628A7938200540757 /* ViewController.swift */; };
		494DE0DA28A7938200540757 /* Main.storyboard in Resources */ = {isa = PBXBuildFile; fileRef = 494DE0D828A7938200540757 /* Main.storyboard */; };
		494DE0DC28A7938300540757 /* Assets.xcassets in Resources */ = {isa = PBXBuildFile; fileRef = 494DE0DB28A7938300540757 /* Assets.xcassets */; };
		494DE0DF28A7938300540757 /* LaunchScreen.storyboard in Resources */ = {isa = PBXBuildFile; fileRef = 494DE0DD28A7938300540757 /* LaunchScreen.storyboard */; };
		494DE0E728A7963D00540757 /* .gitignore in Resources */ = {isa = PBXBuildFile; fileRef = 494DE0E628A7963D00540757 /* .gitignore */; };
		494DE0EA28A79A8A00540757 /* APIKey.swift in Sources */ = {isa = PBXBuildFile; fileRef = 494DE0E928A79A8A00540757 /* APIKey.swift */; };
/* End PBXBuildFile section */

/* Begin PBXContainerItemProxy section */
		490646DB28ABC28700A543DD /* PBXContainerItemProxy */ = {
			isa = PBXContainerItemProxy;
			containerPortal = 490646D628ABC28600A543DD /* OpenWeatherFramework.xcodeproj */;
			proxyType = 2;
			remoteGlobalIDString = 490646B928ABC0BE00A543DD;
			remoteInfo = OpenWeatherFramework;
		};
		490646DD28ABC28700A543DD /* PBXContainerItemProxy */ = {
			isa = PBXContainerItemProxy;
			containerPortal = 490646D628ABC28600A543DD /* OpenWeatherFramework.xcodeproj */;
			proxyType = 2;
			remoteGlobalIDString = 490646C328ABC0BF00A543DD;
			remoteInfo = OpenWeatherFrameworkTests;
		};
/* End PBXContainerItemProxy section */

/* Begin PBXCopyFilesBuildPhase section */
		490646E328ABC53000A543DD /* Embed Frameworks */ = {
			isa = PBXCopyFilesBuildPhase;
			buildActionMask = 2147483647;
			dstPath = "";
			dstSubfolderSpec = 10;
			files = (
				490646E228ABC53000A543DD /* OpenWeatherFramework.framework in Embed Frameworks */,
			);
			name = "Embed Frameworks";
			runOnlyForDeploymentPostprocessing = 0;
		};
/* End PBXCopyFilesBuildPhase section */

/* Begin PBXFileReference section */
		490646D628ABC28600A543DD /* OpenWeatherFramework.xcodeproj */ = {isa = PBXFileReference; lastKnownFileType = "wrapper.pb-project"; name = OpenWeatherFramework.xcodeproj; path = ../OpenWeatherFramework/OpenWeatherFramework.xcodeproj; sourceTree = "<group>"; };
		494795B128A8171200EE8275 /* OpenWeatherAPIManager.swift */ = {isa = PBXFileReference; lastKnownFileType = sourcecode.swift; path = OpenWeatherAPIManager.swift; sourceTree = "<group>"; };
		494795B328A820A700EE8275 /* WeatherInfoStruct.swift */ = {isa = PBXFileReference; lastKnownFileType = sourcecode.swift; path = WeatherInfoStruct.swift; sourceTree = "<group>"; };
		494DE0CF28A7938200540757 /* OpenWeatherProject.app */ = {isa = PBXFileReference; explicitFileType = wrapper.application; includeInIndex = 0; path = OpenWeatherProject.app; sourceTree = BUILT_PRODUCTS_DIR; };
		494DE0D228A7938200540757 /* AppDelegate.swift */ = {isa = PBXFileReference; lastKnownFileType = sourcecode.swift; path = AppDelegate.swift; sourceTree = "<group>"; };
		494DE0D428A7938200540757 /* SceneDelegate.swift */ = {isa = PBXFileReference; lastKnownFileType = sourcecode.swift; path = SceneDelegate.swift; sourceTree = "<group>"; };
		494DE0D628A7938200540757 /* ViewController.swift */ = {isa = PBXFileReference; lastKnownFileType = sourcecode.swift; path = ViewController.swift; sourceTree = "<group>"; };
		494DE0D928A7938200540757 /* Base */ = {isa = PBXFileReference; lastKnownFileType = file.storyboard; name = Base; path = Base.lproj/Main.storyboard; sourceTree = "<group>"; };
		494DE0DB28A7938300540757 /* Assets.xcassets */ = {isa = PBXFileReference; lastKnownFileType = folder.assetcatalog; path = Assets.xcassets; sourceTree = "<group>"; };
		494DE0DE28A7938300540757 /* Base */ = {isa = PBXFileReference; lastKnownFileType = file.storyboard; name = Base; path = Base.lproj/LaunchScreen.storyboard; sourceTree = "<group>"; };
		494DE0E028A7938300540757 /* Info.plist */ = {isa = PBXFileReference; lastKnownFileType = text.plist.xml; path = Info.plist; sourceTree = "<group>"; };
		494DE0E628A7963D00540757 /* .gitignore */ = {isa = PBXFileReference; lastKnownFileType = text; path = .gitignore; sourceTree = "<group>"; };
		494DE0E928A79A8A00540757 /* APIKey.swift */ = {isa = PBXFileReference; lastKnownFileType = sourcecode.swift; path = APIKey.swift; sourceTree = "<group>"; };
/* End PBXFileReference section */

/* Begin PBXFrameworksBuildPhase section */
		494DE0CC28A7938200540757 /* Frameworks */ = {
			isa = PBXFrameworksBuildPhase;
			buildActionMask = 2147483647;
			files = (
				494795AF28A800A700EE8275 /* Kingfisher in Frameworks */,
				494795A928A8007500EE8275 /* SwiftyJSON in Frameworks */,
				490646E128ABC53000A543DD /* OpenWeatherFramework.framework in Frameworks */,
				494795AC28A8008100EE8275 /* Alamofire in Frameworks */,
			);
			runOnlyForDeploymentPostprocessing = 0;
		};
/* End PBXFrameworksBuildPhase section */

/* Begin PBXGroup section */
		490646D728ABC28600A543DD /* Products */ = {
			isa = PBXGroup;
			children = (
				490646DC28ABC28700A543DD /* OpenWeatherFramework.framework */,
				490646DE28ABC28700A543DD /* OpenWeatherFrameworkTests.xctest */,
			);
			name = Products;
			sourceTree = "<group>";
		};
		490646E028ABC53000A543DD /* Frameworks */ = {
			isa = PBXGroup;
			children = (
			);
			name = Frameworks;
			sourceTree = "<group>";
		};
		494795B028A816F100EE8275 /* OpenWeatherAPIManager */ = {
			isa = PBXGroup;
			children = (
				494795B128A8171200EE8275 /* OpenWeatherAPIManager.swift */,
			);
			path = OpenWeatherAPIManager;
			sourceTree = "<group>";
		};
		494DE0C628A7938200540757 = {
			isa = PBXGroup;
			children = (
				490646D628ABC28600A543DD /* OpenWeatherFramework.xcodeproj */,
				494DE0E628A7963D00540757 /* .gitignore */,
				494DE0E828A79A7800540757 /* API */,
				494795B028A816F100EE8275 /* OpenWeatherAPIManager */,
				494DE0D128A7938200540757 /* OpenWeatherProject */,
				494DE0D028A7938200540757 /* Products */,
				490646E028ABC53000A543DD /* Frameworks */,
			);
			sourceTree = "<group>";
		};
		494DE0D028A7938200540757 /* Products */ = {
			isa = PBXGroup;
			children = (
				494DE0CF28A7938200540757 /* OpenWeatherProject.app */,
			);
			name = Products;
			sourceTree = "<group>";
		};
		494DE0D128A7938200540757 /* OpenWeatherProject */ = {
			isa = PBXGroup;
			children = (
				494DE0D228A7938200540757 /* AppDelegate.swift */,
				494DE0D428A7938200540757 /* SceneDelegate.swift */,
				494DE0D828A7938200540757 /* Main.storyboard */,
				494DE0D628A7938200540757 /* ViewController.swift */,
				494795B328A820A700EE8275 /* WeatherInfoStruct.swift */,
				494DE0DB28A7938300540757 /* Assets.xcassets */,
				494DE0DD28A7938300540757 /* LaunchScreen.storyboard */,
				494DE0E028A7938300540757 /* Info.plist */,
			);
			path = OpenWeatherProject;
			sourceTree = "<group>";
		};
		494DE0E828A79A7800540757 /* API */ = {
			isa = PBXGroup;
			children = (
				494DE0E928A79A8A00540757 /* APIKey.swift */,
			);
			path = API;
			sourceTree = "<group>";
		};
/* End PBXGroup section */

/* Begin PBXNativeTarget section */
		494DE0CE28A7938200540757 /* OpenWeatherProject */ = {
			isa = PBXNativeTarget;
			buildConfigurationList = 494DE0E328A7938300540757 /* Build configuration list for PBXNativeTarget "OpenWeatherProject" */;
			buildPhases = (
				494DE0CB28A7938200540757 /* Sources */,
				494DE0CC28A7938200540757 /* Frameworks */,
				494DE0CD28A7938200540757 /* Resources */,
				490646E328ABC53000A543DD /* Embed Frameworks */,
			);
			buildRules = (
			);
			dependencies = (
			);
			name = OpenWeatherProject;
			packageProductDependencies = (
				494795A828A8007500EE8275 /* SwiftyJSON */,
				494795AB28A8008100EE8275 /* Alamofire */,
				494795AE28A800A700EE8275 /* Kingfisher */,
			);
			productName = OpenWeatherProject;
			productReference = 494DE0CF28A7938200540757 /* OpenWeatherProject.app */;
			productType = "com.apple.product-type.application";
		};
/* End PBXNativeTarget section */

/* Begin PBXProject section */
		494DE0C728A7938200540757 /* Project object */ = {
			isa = PBXProject;
			attributes = {
				BuildIndependentTargetsInParallel = 1;
				LastSwiftUpdateCheck = 1340;
				LastUpgradeCheck = 1340;
				TargetAttributes = {
					494DE0CE28A7938200540757 = {
						CreatedOnToolsVersion = 13.4.1;
					};
				};
			};
			buildConfigurationList = 494DE0CA28A7938200540757 /* Build configuration list for PBXProject "OpenWeatherProject" */;
			compatibilityVersion = "Xcode 13.0";
			developmentRegion = en;
			hasScannedForEncodings = 0;
			knownRegions = (
				en,
				Base,
			);
			mainGroup = 494DE0C628A7938200540757;
			packageReferences = (
				494795A728A8007500EE8275 /* XCRemoteSwiftPackageReference "SwiftyJSON" */,
				494795AA28A8008100EE8275 /* XCRemoteSwiftPackageReference "Alamofire" */,
				494795AD28A800A700EE8275 /* XCRemoteSwiftPackageReference "Kingfisher" */,
			);
			productRefGroup = 494DE0D028A7938200540757 /* Products */;
			projectDirPath = "";
			projectReferences = (
				{
					ProductGroup = 490646D728ABC28600A543DD /* Products */;
					ProjectRef = 490646D628ABC28600A543DD /* OpenWeatherFramework.xcodeproj */;
				},
			);
			projectRoot = "";
			targets = (
				494DE0CE28A7938200540757 /* OpenWeatherProject */,
			);
		};
/* End PBXProject section */

/* Begin PBXReferenceProxy section */
		490646DC28ABC28700A543DD /* OpenWeatherFramework.framework */ = {
			isa = PBXReferenceProxy;
			fileType = wrapper.framework;
			path = OpenWeatherFramework.framework;
			remoteRef = 490646DB28ABC28700A543DD /* PBXContainerItemProxy */;
			sourceTree = BUILT_PRODUCTS_DIR;
		};
		490646DE28ABC28700A543DD /* OpenWeatherFrameworkTests.xctest */ = {
			isa = PBXReferenceProxy;
			fileType = wrapper.cfbundle;
			path = OpenWeatherFrameworkTests.xctest;
			remoteRef = 490646DD28ABC28700A543DD /* PBXContainerItemProxy */;
			sourceTree = BUILT_PRODUCTS_DIR;
		};
/* End PBXReferenceProxy section */

/* Begin PBXResourcesBuildPhase section */
		494DE0CD28A7938200540757 /* Resources */ = {
			isa = PBXResourcesBuildPhase;
			buildActionMask = 2147483647;
			files = (
				494DE0E728A7963D00540757 /* .gitignore in Resources */,
				494DE0DF28A7938300540757 /* LaunchScreen.storyboard in Resources */,
				494DE0DC28A7938300540757 /* Assets.xcassets in Resources */,
				494DE0DA28A7938200540757 /* Main.storyboard in Resources */,
			);
			runOnlyForDeploymentPostprocessing = 0;
		};
/* End PBXResourcesBuildPhase section */

/* Begin PBXSourcesBuildPhase section */
		494DE0CB28A7938200540757 /* Sources */ = {
			isa = PBXSourcesBuildPhase;
			buildActionMask = 2147483647;
			files = (
				494DE0D728A7938200540757 /* ViewController.swift in Sources */,
				494795B228A8171200EE8275 /* OpenWeatherAPIManager.swift in Sources */,
				494DE0D328A7938200540757 /* AppDelegate.swift in Sources */,
				494795B428A820A700EE8275 /* WeatherInfoStruct.swift in Sources */,
				494DE0EA28A79A8A00540757 /* APIKey.swift in Sources */,
				494DE0D528A7938200540757 /* SceneDelegate.swift in Sources */,
			);
			runOnlyForDeploymentPostprocessing = 0;
		};
/* End PBXSourcesBuildPhase section */

/* Begin PBXVariantGroup section */
		494DE0D828A7938200540757 /* Main.storyboard */ = {
			isa = PBXVariantGroup;
			children = (
				494DE0D928A7938200540757 /* Base */,
			);
			name = Main.storyboard;
			sourceTree = "<group>";
		};
		494DE0DD28A7938300540757 /* LaunchScreen.storyboard */ = {
			isa = PBXVariantGroup;
			children = (
				494DE0DE28A7938300540757 /* Base */,
			);
			name = LaunchScreen.storyboard;
			sourceTree = "<group>";
		};
/* End PBXVariantGroup section */

/* Begin XCBuildConfiguration section */
		494DE0E128A7938300540757 /* Debug */ = {
			isa = XCBuildConfiguration;
			buildSettings = {
				ALWAYS_SEARCH_USER_PATHS = NO;
				CLANG_ANALYZER_NONNULL = YES;
				CLANG_ANALYZER_NUMBER_OBJECT_CONVERSION = YES_AGGRESSIVE;
				CLANG_CXX_LANGUAGE_STANDARD = "gnu++17";
				CLANG_ENABLE_MODULES = YES;
				CLANG_ENABLE_OBJC_ARC = YES;
				CLANG_ENABLE_OBJC_WEAK = YES;
				CLANG_WARN_BLOCK_CAPTURE_AUTORELEASING = YES;
				CLANG_WARN_BOOL_CONVERSION = YES;
				CLANG_WARN_COMMA = YES;
				CLANG_WARN_CONSTANT_CONVERSION = YES;
				CLANG_WARN_DEPRECATED_OBJC_IMPLEMENTATIONS = YES;
				CLANG_WARN_DIRECT_OBJC_ISA_USAGE = YES_ERROR;
				CLANG_WARN_DOCUMENTATION_COMMENTS = YES;
				CLANG_WARN_EMPTY_BODY = YES;
				CLANG_WARN_ENUM_CONVERSION = YES;
				CLANG_WARN_INFINITE_RECURSION = YES;
				CLANG_WARN_INT_CONVERSION = YES;
				CLANG_WARN_NON_LITERAL_NULL_CONVERSION = YES;
				CLANG_WARN_OBJC_IMPLICIT_RETAIN_SELF = YES;
				CLANG_WARN_OBJC_LITERAL_CONVERSION = YES;
				CLANG_WARN_OBJC_ROOT_CLASS = YES_ERROR;
				CLANG_WARN_QUOTED_INCLUDE_IN_FRAMEWORK_HEADER = YES;
				CLANG_WARN_RANGE_LOOP_ANALYSIS = YES;
				CLANG_WARN_STRICT_PROTOTYPES = YES;
				CLANG_WARN_SUSPICIOUS_MOVE = YES;
				CLANG_WARN_UNGUARDED_AVAILABILITY = YES_AGGRESSIVE;
				CLANG_WARN_UNREACHABLE_CODE = YES;
				CLANG_WARN__DUPLICATE_METHOD_MATCH = YES;
				COPY_PHASE_STRIP = NO;
				DEBUG_INFORMATION_FORMAT = dwarf;
				ENABLE_STRICT_OBJC_MSGSEND = YES;
				ENABLE_TESTABILITY = YES;
				GCC_C_LANGUAGE_STANDARD = gnu11;
				GCC_DYNAMIC_NO_PIC = NO;
				GCC_NO_COMMON_BLOCKS = YES;
				GCC_OPTIMIZATION_LEVEL = 0;
				GCC_PREPROCESSOR_DEFINITIONS = (
					"DEBUG=1",
					"$(inherited)",
				);
				GCC_WARN_64_TO_32_BIT_CONVERSION = YES;
				GCC_WARN_ABOUT_RETURN_TYPE = YES_ERROR;
				GCC_WARN_UNDECLARED_SELECTOR = YES;
				GCC_WARN_UNINITIALIZED_AUTOS = YES_AGGRESSIVE;
				GCC_WARN_UNUSED_FUNCTION = YES;
				GCC_WARN_UNUSED_VARIABLE = YES;
				IPHONEOS_DEPLOYMENT_TARGET = 15.5;
				MTL_ENABLE_DEBUG_INFO = INCLUDE_SOURCE;
				MTL_FAST_MATH = YES;
				ONLY_ACTIVE_ARCH = YES;
				SDKROOT = iphoneos;
				SWIFT_ACTIVE_COMPILATION_CONDITIONS = DEBUG;
				SWIFT_OPTIMIZATION_LEVEL = "-Onone";
			};
			name = Debug;
		};
		494DE0E228A7938300540757 /* Release */ = {
			isa = XCBuildConfiguration;
			buildSettings = {
				ALWAYS_SEARCH_USER_PATHS = NO;
				CLANG_ANALYZER_NONNULL = YES;
				CLANG_ANALYZER_NUMBER_OBJECT_CONVERSION = YES_AGGRESSIVE;
				CLANG_CXX_LANGUAGE_STANDARD = "gnu++17";
				CLANG_ENABLE_MODULES = YES;
				CLANG_ENABLE_OBJC_ARC = YES;
				CLANG_ENABLE_OBJC_WEAK = YES;
				CLANG_WARN_BLOCK_CAPTURE_AUTORELEASING = YES;
				CLANG_WARN_BOOL_CONVERSION = YES;
				CLANG_WARN_COMMA = YES;
				CLANG_WARN_CONSTANT_CONVERSION = YES;
				CLANG_WARN_DEPRECATED_OBJC_IMPLEMENTATIONS = YES;
				CLANG_WARN_DIRECT_OBJC_ISA_USAGE = YES_ERROR;
				CLANG_WARN_DOCUMENTATION_COMMENTS = YES;
				CLANG_WARN_EMPTY_BODY = YES;
				CLANG_WARN_ENUM_CONVERSION = YES;
				CLANG_WARN_INFINITE_RECURSION = YES;
				CLANG_WARN_INT_CONVERSION = YES;
				CLANG_WARN_NON_LITERAL_NULL_CONVERSION = YES;
				CLANG_WARN_OBJC_IMPLICIT_RETAIN_SELF = YES;
				CLANG_WARN_OBJC_LITERAL_CONVERSION = YES;
				CLANG_WARN_OBJC_ROOT_CLASS = YES_ERROR;
				CLANG_WARN_QUOTED_INCLUDE_IN_FRAMEWORK_HEADER = YES;
				CLANG_WARN_RANGE_LOOP_ANALYSIS = YES;
				CLANG_WARN_STRICT_PROTOTYPES = YES;
				CLANG_WARN_SUSPICIOUS_MOVE = YES;
				CLANG_WARN_UNGUARDED_AVAILABILITY = YES_AGGRESSIVE;
				CLANG_WARN_UNREACHABLE_CODE = YES;
				CLANG_WARN__DUPLICATE_METHOD_MATCH = YES;
				COPY_PHASE_STRIP = NO;
				DEBUG_INFORMATION_FORMAT = "dwarf-with-dsym";
				ENABLE_NS_ASSERTIONS = NO;
				ENABLE_STRICT_OBJC_MSGSEND = YES;
				GCC_C_LANGUAGE_STANDARD = gnu11;
				GCC_NO_COMMON_BLOCKS = YES;
				GCC_WARN_64_TO_32_BIT_CONVERSION = YES;
				GCC_WARN_ABOUT_RETURN_TYPE = YES_ERROR;
				GCC_WARN_UNDECLARED_SELECTOR = YES;
				GCC_WARN_UNINITIALIZED_AUTOS = YES_AGGRESSIVE;
				GCC_WARN_UNUSED_FUNCTION = YES;
				GCC_WARN_UNUSED_VARIABLE = YES;
				IPHONEOS_DEPLOYMENT_TARGET = 15.5;
				MTL_ENABLE_DEBUG_INFO = NO;
				MTL_FAST_MATH = YES;
				SDKROOT = iphoneos;
				SWIFT_COMPILATION_MODE = wholemodule;
				SWIFT_OPTIMIZATION_LEVEL = "-O";
				VALIDATE_PRODUCT = YES;
			};
			name = Release;
		};
		494DE0E428A7938300540757 /* Debug */ = {
			isa = XCBuildConfiguration;
			buildSettings = {
				ASSETCATALOG_COMPILER_APPICON_NAME = AppIcon;
				ASSETCATALOG_COMPILER_GLOBAL_ACCENT_COLOR_NAME = AccentColor;
				CODE_SIGN_STYLE = Automatic;
				CURRENT_PROJECT_VERSION = 1;
				DEVELOPMENT_TEAM = AW5HC5SGGG;
				GENERATE_INFOPLIST_FILE = YES;
				INFOPLIST_FILE = OpenWeatherProject/Info.plist;
				INFOPLIST_KEY_UIApplicationSupportsIndirectInputEvents = YES;
				INFOPLIST_KEY_UILaunchStoryboardName = LaunchScreen;
				INFOPLIST_KEY_UIMainStoryboardFile = Main;
				INFOPLIST_KEY_UISupportedInterfaceOrientations_iPad = "UIInterfaceOrientationPortrait UIInterfaceOrientationPortraitUpsideDown UIInterfaceOrientationLandscapeLeft UIInterfaceOrientationLandscapeRight";
				INFOPLIST_KEY_UISupportedInterfaceOrientations_iPhone = "UIInterfaceOrientationPortrait UIInterfaceOrientationLandscapeLeft UIInterfaceOrientationLandscapeRight";
				LD_RUNPATH_SEARCH_PATHS = (
					"$(inherited)",
					"@executable_path/Frameworks",
				);
				MARKETING_VERSION = 1.0;
				PRODUCT_BUNDLE_IDENTIFIER = com.dlee..OpenWeatherProject;
				PRODUCT_NAME = "$(TARGET_NAME)";
				SWIFT_EMIT_LOC_STRINGS = YES;
				SWIFT_VERSION = 5.0;
				TARGETED_DEVICE_FAMILY = "1,2";
			};
			name = Debug;
		};
		494DE0E528A7938300540757 /* Release */ = {
			isa = XCBuildConfiguration;
			buildSettings = {
				ASSETCATALOG_COMPILER_APPICON_NAME = AppIcon;
				ASSETCATALOG_COMPILER_GLOBAL_ACCENT_COLOR_NAME = AccentColor;
				CODE_SIGN_STYLE = Automatic;
				CURRENT_PROJECT_VERSION = 1;
				DEVELOPMENT_TEAM = AW5HC5SGGG;
				GENERATE_INFOPLIST_FILE = YES;
				INFOPLIST_FILE = OpenWeatherProject/Info.plist;
				INFOPLIST_KEY_UIApplicationSupportsIndirectInputEvents = YES;
				INFOPLIST_KEY_UILaunchStoryboardName = LaunchScreen;
				INFOPLIST_KEY_UIMainStoryboardFile = Main;
				INFOPLIST_KEY_UISupportedInterfaceOrientations_iPad = "UIInterfaceOrientationPortrait UIInterfaceOrientationPortraitUpsideDown UIInterfaceOrientationLandscapeLeft UIInterfaceOrientationLandscapeRight";
				INFOPLIST_KEY_UISupportedInterfaceOrientations_iPhone = "UIInterfaceOrientationPortrait UIInterfaceOrientationLandscapeLeft UIInterfaceOrientationLandscapeRight";
				LD_RUNPATH_SEARCH_PATHS = (
					"$(inherited)",
					"@executable_path/Frameworks",
				);
				MARKETING_VERSION = 1.0;
				PRODUCT_BUNDLE_IDENTIFIER = com.dlee..OpenWeatherProject;
				PRODUCT_NAME = "$(TARGET_NAME)";
				SWIFT_EMIT_LOC_STRINGS = YES;
				SWIFT_VERSION = 5.0;
				TARGETED_DEVICE_FAMILY = "1,2";
			};
			name = Release;
		};
/* End XCBuildConfiguration section */

/* Begin XCConfigurationList section */
		494DE0CA28A7938200540757 /* Build configuration list for PBXProject "OpenWeatherProject" */ = {
			isa = XCConfigurationList;
			buildConfigurations = (
				494DE0E128A7938300540757 /* Debug */,
				494DE0E228A7938300540757 /* Release */,
			);
			defaultConfigurationIsVisible = 0;
			defaultConfigurationName = Release;
		};
		494DE0E328A7938300540757 /* Build configuration list for PBXNativeTarget "OpenWeatherProject" */ = {
			isa = XCConfigurationList;
			buildConfigurations = (
				494DE0E428A7938300540757 /* Debug */,
				494DE0E528A7938300540757 /* Release */,
			);
			defaultConfigurationIsVisible = 0;
			defaultConfigurationName = Release;
		};
/* End XCConfigurationList section */

/* Begin XCRemoteSwiftPackageReference section */
		494795A728A8007500EE8275 /* XCRemoteSwiftPackageReference "SwiftyJSON" */ = {
			isa = XCRemoteSwiftPackageReference;
			repositoryURL = "https://github.com/SwiftyJSON/SwiftyJSON";
			requirement = {
				kind = upToNextMajorVersion;
				minimumVersion = 5.0.0;
			};
		};
		494795AA28A8008100EE8275 /* XCRemoteSwiftPackageReference "Alamofire" */ = {
			isa = XCRemoteSwiftPackageReference;
			repositoryURL = "https://github.com/Alamofire/Alamofire";
			requirement = {
				kind = upToNextMajorVersion;
				minimumVersion = 5.0.0;
			};
		};
		494795AD28A800A700EE8275 /* XCRemoteSwiftPackageReference "Kingfisher" */ = {
			isa = XCRemoteSwiftPackageReference;
			repositoryURL = "https://github.com/onevcat/Kingfisher.git";
			requirement = {
				kind = upToNextMajorVersion;
				minimumVersion = 7.0.0;
			};
		};
/* End XCRemoteSwiftPackageReference section */

/* Begin XCSwiftPackageProductDependency section */
		494795A828A8007500EE8275 /* SwiftyJSON */ = {
			isa = XCSwiftPackageProductDependency;
			package = 494795A728A8007500EE8275 /* XCRemoteSwiftPackageReference "SwiftyJSON" */;
			productName = SwiftyJSON;
		};
		494795AB28A8008100EE8275 /* Alamofire */ = {
			isa = XCSwiftPackageProductDependency;
			package = 494795AA28A8008100EE8275 /* XCRemoteSwiftPackageReference "Alamofire" */;
			productName = Alamofire;
		};
		494795AE28A800A700EE8275 /* Kingfisher */ = {
			isa = XCSwiftPackageProductDependency;
			package = 494795AD28A800A700EE8275 /* XCRemoteSwiftPackageReference "Kingfisher" */;
			productName = Kingfisher;
		};
/* End XCSwiftPackageProductDependency section */
	};
	rootObject = 494DE0C728A7938200540757 /* Project object */;
}
